// !$*UTF8*$!
{
	archiveVersion = 1;
	classes = {
	};
	objectVersion = 48;
	objects = {

/* Begin PBXBuildFile section */
		E00DCB5C204B21430011200C /* TableViewDataSource.m in Sources */ = {isa = PBXBuildFile; fileRef = E00DCB5B204B21430011200C /* TableViewDataSource.m */; };
		E00E7C40204B555600E80DBE /* SurveyService.m in Sources */ = {isa = PBXBuildFile; fileRef = E00E7C3F204B555600E80DBE /* SurveyService.m */; };
		E025B33D204A6C320044A98B /* AppDelegate.m in Sources */ = {isa = PBXBuildFile; fileRef = E025B33C204A6C320044A98B /* AppDelegate.m */; };
		E025B345204A6C320044A98B /* Assets.xcassets in Resources */ = {isa = PBXBuildFile; fileRef = E025B344204A6C320044A98B /* Assets.xcassets */; };
		E025B34B204A6C320044A98B /* main.m in Sources */ = {isa = PBXBuildFile; fileRef = E025B34A204A6C320044A98B /* main.m */; };
		E025B357204A843C0044A98B /* SurveyViewController.m in Sources */ = {isa = PBXBuildFile; fileRef = E025B356204A843C0044A98B /* SurveyViewController.m */; };
		E025B35A204A85410044A98B /* SurveyTableViewCell.m in Sources */ = {isa = PBXBuildFile; fileRef = E025B359204A85410044A98B /* SurveyTableViewCell.m */; };
		E025B35D204A88F00044A98B /* SurveyViewModel.m in Sources */ = {isa = PBXBuildFile; fileRef = E025B35C204A88F00044A98B /* SurveyViewModel.m */; };
		E025B360204A8E730044A98B /* SurveyModel.m in Sources */ = {isa = PBXBuildFile; fileRef = E025B35F204A8E730044A98B /* SurveyModel.m */; };
		E0407D2D204B518700CDB035 /* SurveySearch.m in Sources */ = {isa = PBXBuildFile; fileRef = E0407D2C204B518700CDB035 /* SurveySearch.m */; };
		F9EBC64554B017E8094A0362 /* libPods-Nimbl3.a in Frameworks */ = {isa = PBXBuildFile; fileRef = 3D335B9AA3F32D8DD0A56B14 /* libPods-Nimbl3.a */; };
/* End PBXBuildFile section */

/* Begin PBXFileReference section */
		3D335B9AA3F32D8DD0A56B14 /* libPods-Nimbl3.a */ = {isa = PBXFileReference; explicitFileType = archive.ar; includeInIndex = 0; path = "libPods-Nimbl3.a"; sourceTree = BUILT_PRODUCTS_DIR; };
		8F768613DF16FA9ADE54B83C /* Pods-Nimbl3.debug.xcconfig */ = {isa = PBXFileReference; includeInIndex = 1; lastKnownFileType = text.xcconfig; name = "Pods-Nimbl3.debug.xcconfig"; path = "Pods/Target Support Files/Pods-Nimbl3/Pods-Nimbl3.debug.xcconfig"; sourceTree = "<group>"; };
		D0D40A7E526158B814C37F34 /* Pods-Nimbl3.release.xcconfig */ = {isa = PBXFileReference; includeInIndex = 1; lastKnownFileType = text.xcconfig; name = "Pods-Nimbl3.release.xcconfig"; path = "Pods/Target Support Files/Pods-Nimbl3/Pods-Nimbl3.release.xcconfig"; sourceTree = "<group>"; };
		E00DCB5A204B21430011200C /* TableViewDataSource.h */ = {isa = PBXFileReference; lastKnownFileType = sourcecode.c.h; path = TableViewDataSource.h; sourceTree = "<group>"; };
		E00DCB5B204B21430011200C /* TableViewDataSource.m */ = {isa = PBXFileReference; lastKnownFileType = sourcecode.c.objc; path = TableViewDataSource.m; sourceTree = "<group>"; };
		E00DCB60204B50370011200C /* SurveySearchProtocol.h */ = {isa = PBXFileReference; lastKnownFileType = sourcecode.c.h; path = SurveySearchProtocol.h; sourceTree = "<group>"; };
		E00E7C3E204B555600E80DBE /* SurveyService.h */ = {isa = PBXFileReference; lastKnownFileType = sourcecode.c.h; path = SurveyService.h; sourceTree = "<group>"; };
		E00E7C3F204B555600E80DBE /* SurveyService.m */ = {isa = PBXFileReference; lastKnownFileType = sourcecode.c.objc; path = SurveyService.m; sourceTree = "<group>"; };
		E025B338204A6C320044A98B /* Nimbl3.app */ = {isa = PBXFileReference; explicitFileType = wrapper.application; includeInIndex = 0; path = Nimbl3.app; sourceTree = BUILT_PRODUCTS_DIR; };
		E025B33B204A6C320044A98B /* AppDelegate.h */ = {isa = PBXFileReference; lastKnownFileType = sourcecode.c.h; path = AppDelegate.h; sourceTree = "<group>"; };
		E025B33C204A6C320044A98B /* AppDelegate.m */ = {isa = PBXFileReference; lastKnownFileType = sourcecode.c.objc; path = AppDelegate.m; sourceTree = "<group>"; };
		E025B344204A6C320044A98B /* Assets.xcassets */ = {isa = PBXFileReference; lastKnownFileType = folder.assetcatalog; path = Assets.xcassets; sourceTree = "<group>"; };
		E025B349204A6C320044A98B /* Info.plist */ = {isa = PBXFileReference; lastKnownFileType = text.plist.xml; path = Info.plist; sourceTree = "<group>"; };
		E025B34A204A6C320044A98B /* main.m */ = {isa = PBXFileReference; lastKnownFileType = sourcecode.c.objc; path = main.m; sourceTree = "<group>"; };
		E025B355204A843C0044A98B /* SurveyViewController.h */ = {isa = PBXFileReference; lastKnownFileType = sourcecode.c.h; path = SurveyViewController.h; sourceTree = "<group>"; };
		E025B356204A843C0044A98B /* SurveyViewController.m */ = {isa = PBXFileReference; lastKnownFileType = sourcecode.c.objc; path = SurveyViewController.m; sourceTree = "<group>"; };
		E025B358204A85410044A98B /* SurveyTableViewCell.h */ = {isa = PBXFileReference; lastKnownFileType = sourcecode.c.h; path = SurveyTableViewCell.h; sourceTree = "<group>"; };
		E025B359204A85410044A98B /* SurveyTableViewCell.m */ = {isa = PBXFileReference; lastKnownFileType = sourcecode.c.objc; path = SurveyTableViewCell.m; sourceTree = "<group>"; };
		E025B35B204A88F00044A98B /* SurveyViewModel.h */ = {isa = PBXFileReference; lastKnownFileType = sourcecode.c.h; path = SurveyViewModel.h; sourceTree = "<group>"; };
		E025B35C204A88F00044A98B /* SurveyViewModel.m */ = {isa = PBXFileReference; lastKnownFileType = sourcecode.c.objc; path = SurveyViewModel.m; sourceTree = "<group>"; };
		E025B35E204A8E730044A98B /* SurveyModel.h */ = {isa = PBXFileReference; lastKnownFileType = sourcecode.c.h; path = SurveyModel.h; sourceTree = "<group>"; };
		E025B35F204A8E730044A98B /* SurveyModel.m */ = {isa = PBXFileReference; lastKnownFileType = sourcecode.c.objc; path = SurveyModel.m; sourceTree = "<group>"; };
		E0407D2B204B518700CDB035 /* SurveySearch.h */ = {isa = PBXFileReference; lastKnownFileType = sourcecode.c.h; path = SurveySearch.h; sourceTree = "<group>"; };
		E0407D2C204B518700CDB035 /* SurveySearch.m */ = {isa = PBXFileReference; lastKnownFileType = sourcecode.c.objc; path = SurveySearch.m; sourceTree = "<group>"; };
		E0407D2F204B535200CDB035 /* SurveyServiceProtocol.h */ = {isa = PBXFileReference; lastKnownFileType = sourcecode.c.h; path = SurveyServiceProtocol.h; sourceTree = "<group>"; };
/* End PBXFileReference section */

/* Begin PBXFrameworksBuildPhase section */
		E025B335204A6C320044A98B /* Frameworks */ = {
			isa = PBXFrameworksBuildPhase;
			buildActionMask = 2147483647;
			files = (
				F9EBC64554B017E8094A0362 /* libPods-Nimbl3.a in Frameworks */,
			);
			runOnlyForDeploymentPostprocessing = 0;
		};
/* End PBXFrameworksBuildPhase section */

/* Begin PBXGroup section */
		AE8ABB84E964239BAA1A6594 /* Frameworks */ = {
			isa = PBXGroup;
			children = (
				3D335B9AA3F32D8DD0A56B14 /* libPods-Nimbl3.a */,
			);
			name = Frameworks;
			sourceTree = "<group>";
		};
		B6F3C35C0AA7484C761EC0D8 /* Pods */ = {
			isa = PBXGroup;
			children = (
				8F768613DF16FA9ADE54B83C /* Pods-Nimbl3.debug.xcconfig */,
				D0D40A7E526158B814C37F34 /* Pods-Nimbl3.release.xcconfig */,
			);
			name = Pods;
			sourceTree = "<group>";
		};
		E00DCB59204B20220011200C /* DataSource */ = {
			isa = PBXGroup;
			children = (
				E00DCB5A204B21430011200C /* TableViewDataSource.h */,
				E00DCB5B204B21430011200C /* TableViewDataSource.m */,
			);
			path = DataSource;
			sourceTree = "<group>";
		};
		E00E7C42204BDE7200E80DBE /* Service */ = {
			isa = PBXGroup;
			children = (
				E00E7C48204C076E00E80DBE /* Survey */,
			);
			path = Service;
			sourceTree = "<group>";
		};
		E00E7C43204BDE7E00E80DBE /* Utils */ = {
			isa = PBXGroup;
			children = (
				E00DCB59204B20220011200C /* DataSource */,
			);
			path = Utils;
			sourceTree = "<group>";
		};
		E00E7C48204C076E00E80DBE /* Survey */ = {
			isa = PBXGroup;
			children = (
				E0407D2F204B535200CDB035 /* SurveyServiceProtocol.h */,
				E00E7C3E204B555600E80DBE /* SurveyService.h */,
				E00E7C3F204B555600E80DBE /* SurveyService.m */,
				E00DCB60204B50370011200C /* SurveySearchProtocol.h */,
				E0407D2B204B518700CDB035 /* SurveySearch.h */,
				E0407D2C204B518700CDB035 /* SurveySearch.m */,
			);
			path = Survey;
			sourceTree = "<group>";
		};
		E025B32F204A6C320044A98B = {
			isa = PBXGroup;
			children = (
				E025B33A204A6C320044A98B /* Nimbl3 */,
				E025B339204A6C320044A98B /* Products */,
				B6F3C35C0AA7484C761EC0D8 /* Pods */,
				AE8ABB84E964239BAA1A6594 /* Frameworks */,
			);
			sourceTree = "<group>";
		};
		E025B339204A6C320044A98B /* Products */ = {
			isa = PBXGroup;
			children = (
				E025B338204A6C320044A98B /* Nimbl3.app */,
			);
			name = Products;
			sourceTree = "<group>";
		};
		E025B33A204A6C320044A98B /* Nimbl3 */ = {
			isa = PBXGroup;
			children = (
				E00E7C43204BDE7E00E80DBE /* Utils */,
				E00E7C42204BDE7200E80DBE /* Service */,
				E025B352204A6D830044A98B /* Model */,
				E025B353204A6D8A0044A98B /* ViewModel */,
				E025B354204A6D900044A98B /* View */,
				E025B351204A6D6F0044A98B /* Resource */,
				E025B33B204A6C320044A98B /* AppDelegate.h */,
				E025B33C204A6C320044A98B /* AppDelegate.m */,
				E025B34A204A6C320044A98B /* main.m */,
				E025B349204A6C320044A98B /* Info.plist */,
			);
			path = Nimbl3;
			sourceTree = "<group>";
		};
		E025B351204A6D6F0044A98B /* Resource */ = {
			isa = PBXGroup;
			children = (
				E025B344204A6C320044A98B /* Assets.xcassets */,
			);
			path = Resource;
			sourceTree = "<group>";
		};
		E025B352204A6D830044A98B /* Model */ = {
			isa = PBXGroup;
			children = (
				E025B35E204A8E730044A98B /* SurveyModel.h */,
				E025B35F204A8E730044A98B /* SurveyModel.m */,
			);
			path = Model;
			sourceTree = "<group>";
		};
		E025B353204A6D8A0044A98B /* ViewModel */ = {
			isa = PBXGroup;
			children = (
				E025B35B204A88F00044A98B /* SurveyViewModel.h */,
				E025B35C204A88F00044A98B /* SurveyViewModel.m */,
			);
			path = ViewModel;
			sourceTree = "<group>";
		};
		E025B354204A6D900044A98B /* View */ = {
			isa = PBXGroup;
			children = (
				E025B355204A843C0044A98B /* SurveyViewController.h */,
				E025B356204A843C0044A98B /* SurveyViewController.m */,
				E025B358204A85410044A98B /* SurveyTableViewCell.h */,
				E025B359204A85410044A98B /* SurveyTableViewCell.m */,
			);
			path = View;
			sourceTree = "<group>";
		};
/* End PBXGroup section */

/* Begin PBXNativeTarget section */
		E025B337204A6C320044A98B /* Nimbl3 */ = {
			isa = PBXNativeTarget;
			buildConfigurationList = E025B34E204A6C320044A98B /* Build configuration list for PBXNativeTarget "Nimbl3" */;
			buildPhases = (
				CC092BF1A2AE3D810BC9F2E0 /* [CP] Check Pods Manifest.lock */,
				E025B334204A6C320044A98B /* Sources */,
				E025B335204A6C320044A98B /* Frameworks */,
				E025B336204A6C320044A98B /* Resources */,
				2818E681E63E0B4E68B71630 /* [CP] Embed Pods Frameworks */,
				E8169CB83016368B4A29547A /* [CP] Copy Pods Resources */,
			);
			buildRules = (
			);
			dependencies = (
			);
			name = Nimbl3;
			productName = Nimbl3;
			productReference = E025B338204A6C320044A98B /* Nimbl3.app */;
			productType = "com.apple.product-type.application";
		};
/* End PBXNativeTarget section */

/* Begin PBXProject section */
		E025B330204A6C320044A98B /* Project object */ = {
			isa = PBXProject;
			attributes = {
				LastUpgradeCheck = 0920;
				ORGANIZATIONNAME = "Paulo Correa";
				TargetAttributes = {
					E025B337204A6C320044A98B = {
						CreatedOnToolsVersion = 9.2;
						ProvisioningStyle = Automatic;
					};
				};
			};
			buildConfigurationList = E025B333204A6C320044A98B /* Build configuration list for PBXProject "Nimbl3" */;
			compatibilityVersion = "Xcode 8.0";
			developmentRegion = en;
			hasScannedForEncodings = 0;
			knownRegions = (
				en,
				Base,
			);
			mainGroup = E025B32F204A6C320044A98B;
			productRefGroup = E025B339204A6C320044A98B /* Products */;
			projectDirPath = "";
			projectRoot = "";
			targets = (
				E025B337204A6C320044A98B /* Nimbl3 */,
			);
		};
/* End PBXProject section */

/* Begin PBXResourcesBuildPhase section */
		E025B336204A6C320044A98B /* Resources */ = {
			isa = PBXResourcesBuildPhase;
			buildActionMask = 2147483647;
			files = (
				E025B345204A6C320044A98B /* Assets.xcassets in Resources */,
			);
			runOnlyForDeploymentPostprocessing = 0;
		};
/* End PBXResourcesBuildPhase section */

/* Begin PBXShellScriptBuildPhase section */
		2818E681E63E0B4E68B71630 /* [CP] Embed Pods Frameworks */ = {
			isa = PBXShellScriptBuildPhase;
			buildActionMask = 2147483647;
			files = (
			);
			inputPaths = (
			);
			name = "[CP] Embed Pods Frameworks";
			outputPaths = (
			);
			runOnlyForDeploymentPostprocessing = 0;
			shellPath = /bin/sh;
			shellScript = "\"${SRCROOT}/Pods/Target Support Files/Pods-Nimbl3/Pods-Nimbl3-frameworks.sh\"\n";
			showEnvVarsInLog = 0;
		};
		CC092BF1A2AE3D810BC9F2E0 /* [CP] Check Pods Manifest.lock */ = {
			isa = PBXShellScriptBuildPhase;
			buildActionMask = 2147483647;
			files = (
			);
			inputPaths = (
				"${PODS_PODFILE_DIR_PATH}/Podfile.lock",
				"${PODS_ROOT}/Manifest.lock",
			);
			name = "[CP] Check Pods Manifest.lock";
			outputPaths = (
				"$(DERIVED_FILE_DIR)/Pods-Nimbl3-checkManifestLockResult.txt",
			);
			runOnlyForDeploymentPostprocessing = 0;
			shellPath = /bin/sh;
			shellScript = "diff \"${PODS_PODFILE_DIR_PATH}/Podfile.lock\" \"${PODS_ROOT}/Manifest.lock\" > /dev/null\nif [ $? != 0 ] ; then\n    # print error to STDERR\n    echo \"error: The sandbox is not in sync with the Podfile.lock. Run 'pod install' or update your CocoaPods installation.\" >&2\n    exit 1\nfi\n# This output is used by Xcode 'outputs' to avoid re-running this script phase.\necho \"SUCCESS\" > \"${SCRIPT_OUTPUT_FILE_0}\"\n";
			showEnvVarsInLog = 0;
		};
		E8169CB83016368B4A29547A /* [CP] Copy Pods Resources */ = {
			isa = PBXShellScriptBuildPhase;
			buildActionMask = 2147483647;
			files = (
			);
			inputPaths = (
			);
			name = "[CP] Copy Pods Resources";
			outputPaths = (
			);
			runOnlyForDeploymentPostprocessing = 0;
			shellPath = /bin/sh;
			shellScript = "\"${SRCROOT}/Pods/Target Support Files/Pods-Nimbl3/Pods-Nimbl3-resources.sh\"\n";
			showEnvVarsInLog = 0;
		};
/* End PBXShellScriptBuildPhase section */

/* Begin PBXSourcesBuildPhase section */
		E025B334204A6C320044A98B /* Sources */ = {
			isa = PBXSourcesBuildPhase;
			buildActionMask = 2147483647;
			files = (
				E025B357204A843C0044A98B /* SurveyViewController.m in Sources */,
				E00DCB5C204B21430011200C /* TableViewDataSource.m in Sources */,
				E00E7C40204B555600E80DBE /* SurveyService.m in Sources */,
				E025B360204A8E730044A98B /* SurveyModel.m in Sources */,
				E025B35D204A88F00044A98B /* SurveyViewModel.m in Sources */,
				E025B35A204A85410044A98B /* SurveyTableViewCell.m in Sources */,
				E0407D2D204B518700CDB035 /* SurveySearch.m in Sources */,
				E025B34B204A6C320044A98B /* main.m in Sources */,
				E025B33D204A6C320044A98B /* AppDelegate.m in Sources */,
			);
			runOnlyForDeploymentPostprocessing = 0;
		};
/* End PBXSourcesBuildPhase section */

/* Begin XCBuildConfiguration section */
		E025B34C204A6C320044A98B /* Debug */ = {
			isa = XCBuildConfiguration;
			buildSettings = {
				ALWAYS_SEARCH_USER_PATHS = NO;
				CLANG_ANALYZER_NONNULL = YES;
				CLANG_ANALYZER_NUMBER_OBJECT_CONVERSION = YES_AGGRESSIVE;
				CLANG_CXX_LANGUAGE_STANDARD = "gnu++14";
				CLANG_CXX_LIBRARY = "libc++";
				CLANG_ENABLE_MODULES = YES;
				CLANG_ENABLE_OBJC_ARC = YES;
				CLANG_WARN_BLOCK_CAPTURE_AUTORELEASING = YES;
				CLANG_WARN_BOOL_CONVERSION = YES;
				CLANG_WARN_COMMA = YES;
				CLANG_WARN_CONSTANT_CONVERSION = YES;
				CLANG_WARN_DIRECT_OBJC_ISA_USAGE = YES_ERROR;
				CLANG_WARN_DOCUMENTATION_COMMENTS = YES;
				CLANG_WARN_EMPTY_BODY = YES;
				CLANG_WARN_ENUM_CONVERSION = YES;
				CLANG_WARN_INFINITE_RECURSION = YES;
				CLANG_WARN_INT_CONVERSION = YES;
				CLANG_WARN_NON_LITERAL_NULL_CONVERSION = YES;
				CLANG_WARN_OBJC_LITERAL_CONVERSION = YES;
				CLANG_WARN_OBJC_ROOT_CLASS = YES_ERROR;
				CLANG_WARN_RANGE_LOOP_ANALYSIS = YES;
				CLANG_WARN_STRICT_PROTOTYPES = YES;
				CLANG_WARN_SUSPICIOUS_MOVE = YES;
				CLANG_WARN_UNGUARDED_AVAILABILITY = YES_AGGRESSIVE;
				CLANG_WARN_UNREACHABLE_CODE = YES;
				CLANG_WARN__DUPLICATE_METHOD_MATCH = YES;
				CODE_SIGN_IDENTITY = "iPhone Developer";
				COPY_PHASE_STRIP = NO;
				DEBUG_INFORMATION_FORMAT = dwarf;
				ENABLE_STRICT_OBJC_MSGSEND = YES;
				ENABLE_TESTABILITY = YES;
				GCC_C_LANGUAGE_STANDARD = gnu11;
				GCC_DYNAMIC_NO_PIC = NO;
				GCC_NO_COMMON_BLOCKS = YES;
				GCC_OPTIMIZATION_LEVEL = 0;
				GCC_PREPROCESSOR_DEFINITIONS = (
					"DEBUG=1",
					"$(inherited)",
				);
				GCC_WARN_64_TO_32_BIT_CONVERSION = YES;
				GCC_WARN_ABOUT_RETURN_TYPE = YES_ERROR;
				GCC_WARN_UNDECLARED_SELECTOR = YES;
				GCC_WARN_UNINITIALIZED_AUTOS = YES_AGGRESSIVE;
				GCC_WARN_UNUSED_FUNCTION = YES;
				GCC_WARN_UNUSED_VARIABLE = YES;
				IPHONEOS_DEPLOYMENT_TARGET = 11.2;
				MTL_ENABLE_DEBUG_INFO = YES;
				ONLY_ACTIVE_ARCH = YES;
				SDKROOT = iphoneos;
			};
			name = Debug;
		};
		E025B34D204A6C320044A98B /* Release */ = {
			isa = XCBuildConfiguration;
			buildSettings = {
				ALWAYS_SEARCH_USER_PATHS = NO;
				CLANG_ANALYZER_NONNULL = YES;
				CLANG_ANALYZER_NUMBER_OBJECT_CONVERSION = YES_AGGRESSIVE;
				CLANG_CXX_LANGUAGE_STANDARD = "gnu++14";
				CLANG_CXX_LIBRARY = "libc++";
				CLANG_ENABLE_MODULES = YES;
				CLANG_ENABLE_OBJC_ARC = YES;
				CLANG_WARN_BLOCK_CAPTURE_AUTORELEASING = YES;
				CLANG_WARN_BOOL_CONVERSION = YES;
				CLANG_WARN_COMMA = YES;
				CLANG_WARN_CONSTANT_CONVERSION = YES;
				CLANG_WARN_DIRECT_OBJC_ISA_USAGE = YES_ERROR;
				CLANG_WARN_DOCUMENTATION_COMMENTS = YES;
				CLANG_WARN_EMPTY_BODY = YES;
				CLANG_WARN_ENUM_CONVERSION = YES;
				CLANG_WARN_INFINITE_RECURSION = YES;
				CLANG_WARN_INT_CONVERSION = YES;
				CLANG_WARN_NON_LITERAL_NULL_CONVERSION = YES;
				CLANG_WARN_OBJC_LITERAL_CONVERSION = YES;
				CLANG_WARN_OBJC_ROOT_CLASS = YES_ERROR;
				CLANG_WARN_RANGE_LOOP_ANALYSIS = YES;
				CLANG_WARN_STRICT_PROTOTYPES = YES;
				CLANG_WARN_SUSPICIOUS_MOVE = YES;
				CLANG_WARN_UNGUARDED_AVAILABILITY = YES_AGGRESSIVE;
				CLANG_WARN_UNREACHABLE_CODE = YES;
				CLANG_WARN__DUPLICATE_METHOD_MATCH = YES;
				CODE_SIGN_IDENTITY = "iPhone Developer";
				COPY_PHASE_STRIP = NO;
				DEBUG_INFORMATION_FORMAT = "dwarf-with-dsym";
				ENABLE_NS_ASSERTIONS = NO;
				ENABLE_STRICT_OBJC_MSGSEND = YES;
				GCC_C_LANGUAGE_STANDARD = gnu11;
				GCC_NO_COMMON_BLOCKS = YES;
				GCC_WARN_64_TO_32_BIT_CONVERSION = YES;
				GCC_WARN_ABOUT_RETURN_TYPE = YES_ERROR;
				GCC_WARN_UNDECLARED_SELECTOR = YES;
				GCC_WARN_UNINITIALIZED_AUTOS = YES_AGGRESSIVE;
				GCC_WARN_UNUSED_FUNCTION = YES;
				GCC_WARN_UNUSED_VARIABLE = YES;
				IPHONEOS_DEPLOYMENT_TARGET = 11.2;
				MTL_ENABLE_DEBUG_INFO = NO;
				SDKROOT = iphoneos;
				VALIDATE_PRODUCT = YES;
			};
			name = Release;
		};
		E025B34F204A6C320044A98B /* Debug */ = {
			isa = XCBuildConfiguration;
			baseConfigurationReference = 8F768613DF16FA9ADE54B83C /* Pods-Nimbl3.debug.xcconfig */;
			buildSettings = {
				ASSETCATALOG_COMPILER_APPICON_NAME = AppIcon;
				CODE_SIGN_STYLE = Automatic;
				DEVELOPMENT_TEAM = FKL6U359R6;
				INFOPLIST_FILE = Nimbl3/Info.plist;
				IPHONEOS_DEPLOYMENT_TARGET = 9.0;
				LD_RUNPATH_SEARCH_PATHS = "$(inherited) @executable_path/Frameworks";
				PRODUCT_BUNDLE_IDENTIFIER = Test.Nimbl3;
				PRODUCT_NAME = "$(TARGET_NAME)";
				TARGETED_DEVICE_FAMILY = "1,2";
			};
			name = Debug;
		};
		E025B350204A6C320044A98B /* Release */ = {
			isa = XCBuildConfiguration;
			baseConfigurationReference = D0D40A7E526158B814C37F34 /* Pods-Nimbl3.release.xcconfig */;
			buildSettings = {
				ASSETCATALOG_COMPILER_APPICON_NAME = AppIcon;
				CODE_SIGN_STYLE = Automatic;
				DEVELOPMENT_TEAM = FKL6U359R6;
				INFOPLIST_FILE = Nimbl3/Info.plist;
				IPHONEOS_DEPLOYMENT_TARGET = 9.0;
				LD_RUNPATH_SEARCH_PATHS = "$(inherited) @executable_path/Frameworks";
				PRODUCT_BUNDLE_IDENTIFIER = Test.Nimbl3;
				PRODUCT_NAME = "$(TARGET_NAME)";
				TARGETED_DEVICE_FAMILY = "1,2";
			};
			name = Release;
		};
/* End XCBuildConfiguration section */

/* Begin XCConfigurationList section */
		E025B333204A6C320044A98B /* Build configuration list for PBXProject "Nimbl3" */ = {
			isa = XCConfigurationList;
			buildConfigurations = (
				E025B34C204A6C320044A98B /* Debug */,
				E025B34D204A6C320044A98B /* Release */,
			);
			defaultConfigurationIsVisible = 0;
			defaultConfigurationName = Release;
		};
		E025B34E204A6C320044A98B /* Build configuration list for PBXNativeTarget "Nimbl3" */ = {
			isa = XCConfigurationList;
			buildConfigurations = (
				E025B34F204A6C320044A98B /* Debug */,
				E025B350204A6C320044A98B /* Release */,
			);
			defaultConfigurationIsVisible = 0;
			defaultConfigurationName = Release;
		};
/* End XCConfigurationList section */
	};
	rootObject = E025B330204A6C320044A98B /* Project object */;
}
